
Microsoft Visual Studio Solution File, Format Version 12.00
# Visual Studio Version 16
VisualStudioVersion = 16.0.30503.244
MinimumVisualStudioVersion = 10.0.40219.1
Project("{FAE04EC0-301F-11D3-BF4B-00C04F79EFBC}") = "12.1 console", "12.1 console\12.1 console.csproj", "{9A3C2BE6-B0C3-4C07-BE4B-BC608B4DD8C9}"
EndProject
Project("{FAE04EC0-301F-11D3-BF4B-00C04F79EFBC}") = "12.1 gui", "12.1 gui\12.1 gui.csproj", "{37F26BCA-08E5-4D1D-87B3-ABE5AB1D8392}"
EndProject
Global
	GlobalSection(SolutionConfigurationPlatforms) = preSolution
		Debug|Any CPU = Debug|Any CPU
		Release|Any CPU = Release|Any CPU
	EndGlobalSection
	GlobalSection(ProjectConfigurationPlatforms) = postSolution
		{9A3C2BE6-B0C3-4C07-BE4B-BC608B4DD8C9}.Debug|Any CPU.ActiveCfg = Debug|Any CPU
		{9A3C2BE6-B0C3-4C07-BE4B-BC608B4DD8C9}.Debug|Any CPU.Build.0 = Debug|Any CPU
		{9A3C2BE6-B0C3-4C07-BE4B-BC608B4DD8C9}.Release|Any CPU.ActiveCfg = Release|Any CPU
		{9A3C2BE6-B0C3-4C07-BE4B-BC608B4DD8C9}.Release|Any CPU.Build.0 = Release|Any CPU
		{37F26BCA-08E5-4D1D-87B3-ABE5AB1D8392}.Debug|Any CPU.ActiveCfg = Debug|Any CPU
		{37F26BCA-08E5-4D1D-87B3-ABE5AB1D8392}.Debug|Any CPU.Build.0 = Debug|Any CPU
		{37F26BCA-08E5-4D1D-87B3-ABE5AB1D8392}.Release|Any CPU.ActiveCfg = Release|Any CPU
		{37F26BCA-08E5-4D1D-87B3-ABE5AB1D8392}.Release|Any CPU.Build.0 = Release|Any CPU
	EndGlobalSection
	GlobalSection(SolutionProperties) = preSolution
		HideSolutionNode = FALSE
	EndGlobalSection
	GlobalSection(ExtensibilityGlobals) = postSolution
		SolutionGuid = {D170549C-E8ED-4D49-B8EF-E7569DB5AEBD}
	EndGlobalSection
EndGlobal
