
Microsoft Visual Studio Solution File, Format Version 12.00
# Visual Studio Version 17
VisualStudioVersion = 17.4.33122.133
MinimumVisualStudioVersion = 10.0.40219.1
Project("{FAE04EC0-301F-11D3-BF4B-00C04F79EFBC}") = "13.1 console", "13.1 console\13.1 console.csproj", "{E0AA195C-DC8B-4E8C-A701-DDB41799845D}"
EndProject
Project("{FAE04EC0-301F-11D3-BF4B-00C04F79EFBC}") = "13.1 gui", "13.1 gui\13.1 gui.csproj", "{4A2EC2EF-C969-4F09-B164-F4C21E5C45EF}"
EndProject
Global
	GlobalSection(SolutionConfigurationPlatforms) = preSolution
		Debug|Any CPU = Debug|Any CPU
		Release|Any CPU = Release|Any CPU
	EndGlobalSection
	GlobalSection(ProjectConfigurationPlatforms) = postSolution
		{E0AA195C-DC8B-4E8C-A701-DDB41799845D}.Debug|Any CPU.ActiveCfg = Debug|Any CPU
		{E0AA195C-DC8B-4E8C-A701-DDB41799845D}.Debug|Any CPU.Build.0 = Debug|Any CPU
		{E0AA195C-DC8B-4E8C-A701-DDB41799845D}.Release|Any CPU.ActiveCfg = Release|Any CPU
		{E0AA195C-DC8B-4E8C-A701-DDB41799845D}.Release|Any CPU.Build.0 = Release|Any CPU
		{4A2EC2EF-C969-4F09-B164-F4C21E5C45EF}.Debug|Any CPU.ActiveCfg = Debug|Any CPU
		{4A2EC2EF-C969-4F09-B164-F4C21E5C45EF}.Debug|Any CPU.Build.0 = Debug|Any CPU
		{4A2EC2EF-C969-4F09-B164-F4C21E5C45EF}.Release|Any CPU.ActiveCfg = Release|Any CPU
		{4A2EC2EF-C969-4F09-B164-F4C21E5C45EF}.Release|Any CPU.Build.0 = Release|Any CPU
	EndGlobalSection
	GlobalSection(SolutionProperties) = preSolution
		HideSolutionNode = FALSE
	EndGlobalSection
	GlobalSection(ExtensibilityGlobals) = postSolution
		SolutionGuid = {80CBD321-C9DA-4810-8BBC-CCC44CF9D690}
	EndGlobalSection
EndGlobal
