
Microsoft Visual Studio Solution File, Format Version 12.00
# Visual Studio Version 17
VisualStudioVersion = 17.4.33122.133
MinimumVisualStudioVersion = 10.0.40219.1
Project("{FAE04EC0-301F-11D3-BF4B-00C04F79EFBC}") = "11.1 console", "11.1 console\11.1 console.csproj", "{2D1DBC48-B218-4842-ABE2-7F195148C1C5}"
EndProject
Project("{FAE04EC0-301F-11D3-BF4B-00C04F79EFBC}") = "11.1 gui", "11.1 gui\11.1 gui.csproj", "{86E87FCE-2F2A-4C2C-B887-A3437F3DFCF8}"
EndProject
Global
	GlobalSection(SolutionConfigurationPlatforms) = preSolution
		Debug|Any CPU = Debug|Any CPU
		Release|Any CPU = Release|Any CPU
	EndGlobalSection
	GlobalSection(ProjectConfigurationPlatforms) = postSolution
		{2D1DBC48-B218-4842-ABE2-7F195148C1C5}.Debug|Any CPU.ActiveCfg = Debug|Any CPU
		{2D1DBC48-B218-4842-ABE2-7F195148C1C5}.Debug|Any CPU.Build.0 = Debug|Any CPU
		{2D1DBC48-B218-4842-ABE2-7F195148C1C5}.Release|Any CPU.ActiveCfg = Release|Any CPU
		{2D1DBC48-B218-4842-ABE2-7F195148C1C5}.Release|Any CPU.Build.0 = Release|Any CPU
		{86E87FCE-2F2A-4C2C-B887-A3437F3DFCF8}.Debug|Any CPU.ActiveCfg = Debug|Any CPU
		{86E87FCE-2F2A-4C2C-B887-A3437F3DFCF8}.Debug|Any CPU.Build.0 = Debug|Any CPU
		{86E87FCE-2F2A-4C2C-B887-A3437F3DFCF8}.Release|Any CPU.ActiveCfg = Release|Any CPU
		{86E87FCE-2F2A-4C2C-B887-A3437F3DFCF8}.Release|Any CPU.Build.0 = Release|Any CPU
	EndGlobalSection
	GlobalSection(SolutionProperties) = preSolution
		HideSolutionNode = FALSE
	EndGlobalSection
	GlobalSection(ExtensibilityGlobals) = postSolution
		SolutionGuid = {91AD3901-1595-477C-8EFE-5D457FB92E5B}
	EndGlobalSection
EndGlobal
